
Microsoft Visual Studio Solution File, Format Version 12.00
# Visual Studio Version 17
VisualStudioVersion = 17.3.32825.248
MinimumVisualStudioVersion = 10.0.40219.1
Project("{FAE04EC0-301F-11D3-BF4B-00C04F79EFBC}") = "StoreFront.UI.MVC", "StoreFront.UI.MVC\StoreFront.UI.MVC.csproj", "{E9F4E2A2-9A47-4148-BED0-13205218D176}"
EndProject
Project("{FAE04EC0-301F-11D3-BF4B-00C04F79EFBC}") = "StoreFront.DATA.EF", "StoreFront.DATA.EF\StoreFront.DATA.EF.csproj", "{2D7AAD6B-1165-40C0-8659-08681643059C}"
EndProject
Global
	GlobalSection(SolutionConfigurationPlatforms) = preSolution
		Debug|Any CPU = Debug|Any CPU
		Release|Any CPU = Release|Any CPU
	EndGlobalSection
	GlobalSection(ProjectConfigurationPlatforms) = postSolution
		{E9F4E2A2-9A47-4148-BED0-13205218D176}.Debug|Any CPU.ActiveCfg = Debug|Any CPU
		{E9F4E2A2-9A47-4148-BED0-13205218D176}.Debug|Any CPU.Build.0 = Debug|Any CPU
		{E9F4E2A2-9A47-4148-BED0-13205218D176}.Release|Any CPU.ActiveCfg = Release|Any CPU
		{E9F4E2A2-9A47-4148-BED0-13205218D176}.Release|Any CPU.Build.0 = Release|Any CPU
		{2D7AAD6B-1165-40C0-8659-08681643059C}.Debug|Any CPU.ActiveCfg = Debug|Any CPU
		{2D7AAD6B-1165-40C0-8659-08681643059C}.Debug|Any CPU.Build.0 = Debug|Any CPU
		{2D7AAD6B-1165-40C0-8659-08681643059C}.Release|Any CPU.ActiveCfg = Release|Any CPU
		{2D7AAD6B-1165-40C0-8659-08681643059C}.Release|Any CPU.Build.0 = Release|Any CPU
	EndGlobalSection
	GlobalSection(SolutionProperties) = preSolution
		HideSolutionNode = FALSE
	EndGlobalSection
	GlobalSection(ExtensibilityGlobals) = postSolution
		SolutionGuid = {E2E70920-E12C-4CA9-9660-8A71FDCF9AE7}
	EndGlobalSection
EndGlobal
